
Microsoft Visual Studio Solution File, Format Version 12.00
# Visual Studio Version 16
VisualStudioVersion = 16.0.32901.82
MinimumVisualStudioVersion = 10.0.40219.1
Project("{FAE04EC0-301F-11D3-BF4B-00C04F79EFBC}") = "YazılımProjesi", "YazılımProjesi\YazılımProjesi.csproj", "{24E01469-92BA-47D4-9E6D-3F59110508CC}"
EndProject
Global
	GlobalSection(SolutionConfigurationPlatforms) = preSolution
		Debug|Any CPU = Debug|Any CPU
		Release|Any CPU = Release|Any CPU
	EndGlobalSection
	GlobalSection(ProjectConfigurationPlatforms) = postSolution
		{24E01469-92BA-47D4-9E6D-3F59110508CC}.Debug|Any CPU.ActiveCfg = Debug|Any CPU
		{24E01469-92BA-47D4-9E6D-3F59110508CC}.Debug|Any CPU.Build.0 = Debug|Any CPU
		{24E01469-92BA-47D4-9E6D-3F59110508CC}.Release|Any CPU.ActiveCfg = Release|Any CPU
		{24E01469-92BA-47D4-9E6D-3F59110508CC}.Release|Any CPU.Build.0 = Release|Any CPU
	EndGlobalSection
	GlobalSection(SolutionProperties) = preSolution
		HideSolutionNode = FALSE
	EndGlobalSection
	GlobalSection(ExtensibilityGlobals) = postSolution
		SolutionGuid = {BF5EAF1F-4B26-437D-8924-82826E4C1681}
	EndGlobalSection
EndGlobal
